// !$*UTF8*$!
{
	archiveVersion = 1;
	classes = {
	};
	objectVersion = 46;
	objects = {

/* Begin PBXBuildFile section */
		3DB652411F234421000E4345 /* PizzaFactory.m in Sources */ = {isa = PBXBuildFile; fileRef = 3DB652401F234421000E4345 /* PizzaFactory.m */; };
		3DB652441F23459A000E4345 /* HawaiiPizzaFactory.m in Sources */ = {isa = PBXBuildFile; fileRef = 3DB652431F23459A000E4345 /* HawaiiPizzaFactory.m */; };
		3DB652471F2345B9000E4345 /* AmericanPizzaFactory.m in Sources */ = {isa = PBXBuildFile; fileRef = 3DB652461F2345B9000E4345 /* AmericanPizzaFactory.m */; };
		3DB654151F26F5E4000E4345 /* Sauce.m in Sources */ = {isa = PBXBuildFile; fileRef = 3DB654141F26F5E4000E4345 /* Sauce.m */; };
		3DB654181F26F5F2000E4345 /* Flour.m in Sources */ = {isa = PBXBuildFile; fileRef = 3DB654171F26F5F2000E4345 /* Flour.m */; };
		3DB6541B1F26F5FC000E4345 /* Accessory.m in Sources */ = {isa = PBXBuildFile; fileRef = 3DB6541A1F26F5FC000E4345 /* Accessory.m */; };
		3DB6541E1F26F625000E4345 /* HawaiiSauce.m in Sources */ = {isa = PBXBuildFile; fileRef = 3DB6541D1F26F625000E4345 /* HawaiiSauce.m */; };
		3DB654211F26F63B000E4345 /* HawaiiFlour.m in Sources */ = {isa = PBXBuildFile; fileRef = 3DB654201F26F63B000E4345 /* HawaiiFlour.m */; };
		3DB654241F26F649000E4345 /* HawaiiAccessory.m in Sources */ = {isa = PBXBuildFile; fileRef = 3DB654231F26F649000E4345 /* HawaiiAccessory.m */; };
		3DB654271F26F660000E4345 /* AmericanAccessory.m in Sources */ = {isa = PBXBuildFile; fileRef = 3DB654261F26F660000E4345 /* AmericanAccessory.m */; };
		3DB6542A1F26F682000E4345 /* AmericanFlour.m in Sources */ = {isa = PBXBuildFile; fileRef = 3DB654291F26F682000E4345 /* AmericanFlour.m */; };
		3DB6542D1F26F692000E4345 /* AmericanSauce.m in Sources */ = {isa = PBXBuildFile; fileRef = 3DB6542C1F26F692000E4345 /* AmericanSauce.m */; };
		3DC1DC431F132B8C00142CD5 /* main.m in Sources */ = {isa = PBXBuildFile; fileRef = 3DC1DC421F132B8C00142CD5 /* main.m */; };
		3DC1DC461F132B8C00142CD5 /* AppDelegate.m in Sources */ = {isa = PBXBuildFile; fileRef = 3DC1DC451F132B8C00142CD5 /* AppDelegate.m */; };
		3DC1DC4C1F132B8C00142CD5 /* Main.storyboard in Resources */ = {isa = PBXBuildFile; fileRef = 3DC1DC4A1F132B8C00142CD5 /* Main.storyboard */; };
		3DC1DC4E1F132B8C00142CD5 /* Assets.xcassets in Resources */ = {isa = PBXBuildFile; fileRef = 3DC1DC4D1F132B8C00142CD5 /* Assets.xcassets */; };
		3DC1DC511F132B8C00142CD5 /* LaunchScreen.storyboard in Resources */ = {isa = PBXBuildFile; fileRef = 3DC1DC4F1F132B8C00142CD5 /* LaunchScreen.storyboard */; };
		3DC1DC5C1F132B8C00142CD5 /* NMDesignTests.m in Sources */ = {isa = PBXBuildFile; fileRef = 3DC1DC5B1F132B8C00142CD5 /* NMDesignTests.m */; };
		3DC1DC671F132B8D00142CD5 /* NMDesignUITests.m in Sources */ = {isa = PBXBuildFile; fileRef = 3DC1DC661F132B8D00142CD5 /* NMDesignUITests.m */; };
		3DC1DC7D1F132BCB00142CD5 /* Character.m in Sources */ = {isa = PBXBuildFile; fileRef = 3DC1DC761F132BCB00142CD5 /* Character.m */; };
		3DC1DC7E1F132BCB00142CD5 /* CharacterBuilder.m in Sources */ = {isa = PBXBuildFile; fileRef = 3DC1DC781F132BCB00142CD5 /* CharacterBuilder.m */; };
		3DC1DC7F1F132BCB00142CD5 /* ChasingGame.m in Sources */ = {isa = PBXBuildFile; fileRef = 3DC1DC7A1F132BCB00142CD5 /* ChasingGame.m */; };
		3DC1DC801F132BCB00142CD5 /* StandardCharacterBuilder.m in Sources */ = {isa = PBXBuildFile; fileRef = 3DC1DC7C1F132BCB00142CD5 /* StandardCharacterBuilder.m */; };
		3DC1DC871F132C6000142CD5 /* Client.m in Sources */ = {isa = PBXBuildFile; fileRef = 3DC1DC831F132C6000142CD5 /* Client.m */; };
		3DC1DC881F132C6000142CD5 /* NMCar.m in Sources */ = {isa = PBXBuildFile; fileRef = 3DC1DC851F132C6000142CD5 /* NMCar.m */; };
		3DC1DC8B1F132D5100142CD5 /* pro-objective-c-design-patterns-for-ios.9781430233305.55094.pdf in Resources */ = {isa = PBXBuildFile; fileRef = 3DC1DC8A1F132D5100142CD5 /* pro-objective-c-design-patterns-for-ios.9781430233305.55094.pdf */; };
		3DC1DC931F14717200142CD5 /* CanvasView.m in Sources */ = {isa = PBXBuildFile; fileRef = 3DC1DC921F14717200142CD5 /* CanvasView.m */; };
		3DC1DC961F14729300142CD5 /* PaperCanvasView.m in Sources */ = {isa = PBXBuildFile; fileRef = 3DC1DC951F14729300142CD5 /* PaperCanvasView.m */; };
		3DC1DC991F14741E00142CD5 /* ClothCanvasView.m in Sources */ = {isa = PBXBuildFile; fileRef = 3DC1DC981F14741E00142CD5 /* ClothCanvasView.m */; };
		3DC1DCA91F14773500142CD5 /* CanvasViewGenerator.m in Sources */ = {isa = PBXBuildFile; fileRef = 3DC1DCA81F14773500142CD5 /* CanvasViewGenerator.m */; };
		3DC1DCAC1F1479BF00142CD5 /* PaperCanvasViewGenerator.m in Sources */ = {isa = PBXBuildFile; fileRef = 3DC1DCAB1F1479BF00142CD5 /* PaperCanvasViewGenerator.m */; };
		3DC1DCAF1F147AAD00142CD5 /* ClothcanvasViewGenerator.m in Sources */ = {isa = PBXBuildFile; fileRef = 3DC1DCAE1F147AAD00142CD5 /* ClothcanvasViewGenerator.m */; };
		3DC1DCB21F14BC9400142CD5 /* factory1.jpg in Resources */ = {isa = PBXBuildFile; fileRef = 3DC1DCB01F14BC9400142CD5 /* factory1.jpg */; };
		3DC1DCB31F14BC9400142CD5 /* factory2.jpg in Resources */ = {isa = PBXBuildFile; fileRef = 3DC1DCB11F14BC9400142CD5 /* factory2.jpg */; };
		3DF999F31F2089540073D6F6 /* IndexTableViewController.m in Sources */ = {isa = PBXBuildFile; fileRef = 3DF999F21F2089540073D6F6 /* IndexTableViewController.m */; };
		3DF999F61F208AB70073D6F6 /* BuilderViewController.m in Sources */ = {isa = PBXBuildFile; fileRef = 3DF999F51F208AB70073D6F6 /* BuilderViewController.m */; };
		3DF999F91F208CB50073D6F6 /* PrototypeViewController.m in Sources */ = {isa = PBXBuildFile; fileRef = 3DF999F81F208CB50073D6F6 /* PrototypeViewController.m */; };
		3DF999FC1F208EBE0073D6F6 /* FactoryMethodViewController.m in Sources */ = {isa = PBXBuildFile; fileRef = 3DF999FB1F208EBE0073D6F6 /* FactoryMethodViewController.m */; };
		3DF999FF1F2090A00073D6F6 /* AbstractFactoryViewController.m in Sources */ = {isa = PBXBuildFile; fileRef = 3DF999FE1F2090A00073D6F6 /* AbstractFactoryViewController.m */; };
/* End PBXBuildFile section */

/* Begin PBXContainerItemProxy section */
		3DC1DC581F132B8C00142CD5 /* PBXContainerItemProxy */ = {
			isa = PBXContainerItemProxy;
			containerPortal = 3DC1DC361F132B8C00142CD5 /* Project object */;
			proxyType = 1;
			remoteGlobalIDString = 3DC1DC3D1F132B8C00142CD5;
			remoteInfo = NMDesign;
		};
		3DC1DC631F132B8D00142CD5 /* PBXContainerItemProxy */ = {
			isa = PBXContainerItemProxy;
			containerPortal = 3DC1DC361F132B8C00142CD5 /* Project object */;
			proxyType = 1;
			remoteGlobalIDString = 3DC1DC3D1F132B8C00142CD5;
			remoteInfo = NMDesign;
		};
/* End PBXContainerItemProxy section */

/* Begin PBXFileReference section */
		3DB6523F1F234421000E4345 /* PizzaFactory.h */ = {isa = PBXFileReference; fileEncoding = 4; lastKnownFileType = sourcecode.c.h; path = PizzaFactory.h; sourceTree = "<group>"; };
		3DB652401F234421000E4345 /* PizzaFactory.m */ = {isa = PBXFileReference; fileEncoding = 4; lastKnownFileType = sourcecode.c.objc; path = PizzaFactory.m; sourceTree = "<group>"; };
		3DB652421F23459A000E4345 /* HawaiiPizzaFactory.h */ = {isa = PBXFileReference; fileEncoding = 4; lastKnownFileType = sourcecode.c.h; path = HawaiiPizzaFactory.h; sourceTree = "<group>"; };
		3DB652431F23459A000E4345 /* HawaiiPizzaFactory.m */ = {isa = PBXFileReference; fileEncoding = 4; lastKnownFileType = sourcecode.c.objc; path = HawaiiPizzaFactory.m; sourceTree = "<group>"; };
		3DB652451F2345B9000E4345 /* AmericanPizzaFactory.h */ = {isa = PBXFileReference; fileEncoding = 4; lastKnownFileType = sourcecode.c.h; path = AmericanPizzaFactory.h; sourceTree = "<group>"; };
		3DB652461F2345B9000E4345 /* AmericanPizzaFactory.m */ = {isa = PBXFileReference; fileEncoding = 4; lastKnownFileType = sourcecode.c.objc; path = AmericanPizzaFactory.m; sourceTree = "<group>"; };
		3DB654131F26F5E4000E4345 /* Sauce.h */ = {isa = PBXFileReference; fileEncoding = 4; lastKnownFileType = sourcecode.c.h; path = Sauce.h; sourceTree = "<group>"; };
		3DB654141F26F5E4000E4345 /* Sauce.m */ = {isa = PBXFileReference; fileEncoding = 4; lastKnownFileType = sourcecode.c.objc; path = Sauce.m; sourceTree = "<group>"; };
		3DB654161F26F5F2000E4345 /* Flour.h */ = {isa = PBXFileReference; fileEncoding = 4; lastKnownFileType = sourcecode.c.h; path = Flour.h; sourceTree = "<group>"; };
		3DB654171F26F5F2000E4345 /* Flour.m */ = {isa = PBXFileReference; fileEncoding = 4; lastKnownFileType = sourcecode.c.objc; path = Flour.m; sourceTree = "<group>"; };
		3DB654191F26F5FC000E4345 /* Accessory.h */ = {isa = PBXFileReference; fileEncoding = 4; lastKnownFileType = sourcecode.c.h; path = Accessory.h; sourceTree = "<group>"; };
		3DB6541A1F26F5FC000E4345 /* Accessory.m */ = {isa = PBXFileReference; fileEncoding = 4; lastKnownFileType = sourcecode.c.objc; path = Accessory.m; sourceTree = "<group>"; };
		3DB6541C1F26F624000E4345 /* HawaiiSauce.h */ = {isa = PBXFileReference; fileEncoding = 4; lastKnownFileType = sourcecode.c.h; path = HawaiiSauce.h; sourceTree = "<group>"; };
		3DB6541D1F26F625000E4345 /* HawaiiSauce.m */ = {isa = PBXFileReference; fileEncoding = 4; lastKnownFileType = sourcecode.c.objc; path = HawaiiSauce.m; sourceTree = "<group>"; };
		3DB6541F1F26F63B000E4345 /* HawaiiFlour.h */ = {isa = PBXFileReference; fileEncoding = 4; lastKnownFileType = sourcecode.c.h; path = HawaiiFlour.h; sourceTree = "<group>"; };
		3DB654201F26F63B000E4345 /* HawaiiFlour.m */ = {isa = PBXFileReference; fileEncoding = 4; lastKnownFileType = sourcecode.c.objc; path = HawaiiFlour.m; sourceTree = "<group>"; };
		3DB654221F26F649000E4345 /* HawaiiAccessory.h */ = {isa = PBXFileReference; fileEncoding = 4; lastKnownFileType = sourcecode.c.h; path = HawaiiAccessory.h; sourceTree = "<group>"; };
		3DB654231F26F649000E4345 /* HawaiiAccessory.m */ = {isa = PBXFileReference; fileEncoding = 4; lastKnownFileType = sourcecode.c.objc; path = HawaiiAccessory.m; sourceTree = "<group>"; };
		3DB654251F26F660000E4345 /* AmericanAccessory.h */ = {isa = PBXFileReference; fileEncoding = 4; lastKnownFileType = sourcecode.c.h; path = AmericanAccessory.h; sourceTree = "<group>"; };
		3DB654261F26F660000E4345 /* AmericanAccessory.m */ = {isa = PBXFileReference; fileEncoding = 4; lastKnownFileType = sourcecode.c.objc; path = AmericanAccessory.m; sourceTree = "<group>"; };
		3DB654281F26F682000E4345 /* AmericanFlour.h */ = {isa = PBXFileReference; fileEncoding = 4; lastKnownFileType = sourcecode.c.h; path = AmericanFlour.h; sourceTree = "<group>"; };
		3DB654291F26F682000E4345 /* AmericanFlour.m */ = {isa = PBXFileReference; fileEncoding = 4; lastKnownFileType = sourcecode.c.objc; path = AmericanFlour.m; sourceTree = "<group>"; };
		3DB6542B1F26F692000E4345 /* AmericanSauce.h */ = {isa = PBXFileReference; fileEncoding = 4; lastKnownFileType = sourcecode.c.h; path = AmericanSauce.h; sourceTree = "<group>"; };
		3DB6542C1F26F692000E4345 /* AmericanSauce.m */ = {isa = PBXFileReference; fileEncoding = 4; lastKnownFileType = sourcecode.c.objc; path = AmericanSauce.m; sourceTree = "<group>"; };
		3DC1DC3E1F132B8C00142CD5 /* NMDesign.app */ = {isa = PBXFileReference; explicitFileType = wrapper.application; includeInIndex = 0; path = NMDesign.app; sourceTree = BUILT_PRODUCTS_DIR; };
		3DC1DC421F132B8C00142CD5 /* main.m */ = {isa = PBXFileReference; lastKnownFileType = sourcecode.c.objc; path = main.m; sourceTree = "<group>"; };
		3DC1DC441F132B8C00142CD5 /* AppDelegate.h */ = {isa = PBXFileReference; lastKnownFileType = sourcecode.c.h; path = AppDelegate.h; sourceTree = "<group>"; };
		3DC1DC451F132B8C00142CD5 /* AppDelegate.m */ = {isa = PBXFileReference; lastKnownFileType = sourcecode.c.objc; path = AppDelegate.m; sourceTree = "<group>"; };
		3DC1DC4B1F132B8C00142CD5 /* Base */ = {isa = PBXFileReference; lastKnownFileType = file.storyboard; name = Base; path = Base.lproj/Main.storyboard; sourceTree = "<group>"; };
		3DC1DC4D1F132B8C00142CD5 /* Assets.xcassets */ = {isa = PBXFileReference; lastKnownFileType = folder.assetcatalog; path = Assets.xcassets; sourceTree = "<group>"; };
		3DC1DC501F132B8C00142CD5 /* Base */ = {isa = PBXFileReference; lastKnownFileType = file.storyboard; name = Base; path = Base.lproj/LaunchScreen.storyboard; sourceTree = "<group>"; };
		3DC1DC521F132B8C00142CD5 /* Info.plist */ = {isa = PBXFileReference; lastKnownFileType = text.plist.xml; path = Info.plist; sourceTree = "<group>"; };
		3DC1DC571F132B8C00142CD5 /* NMDesignTests.xctest */ = {isa = PBXFileReference; explicitFileType = wrapper.cfbundle; includeInIndex = 0; path = NMDesignTests.xctest; sourceTree = BUILT_PRODUCTS_DIR; };
		3DC1DC5B1F132B8C00142CD5 /* NMDesignTests.m */ = {isa = PBXFileReference; lastKnownFileType = sourcecode.c.objc; path = NMDesignTests.m; sourceTree = "<group>"; };
		3DC1DC5D1F132B8D00142CD5 /* Info.plist */ = {isa = PBXFileReference; lastKnownFileType = text.plist.xml; path = Info.plist; sourceTree = "<group>"; };
		3DC1DC621F132B8D00142CD5 /* NMDesignUITests.xctest */ = {isa = PBXFileReference; explicitFileType = wrapper.cfbundle; includeInIndex = 0; path = NMDesignUITests.xctest; sourceTree = BUILT_PRODUCTS_DIR; };
		3DC1DC661F132B8D00142CD5 /* NMDesignUITests.m */ = {isa = PBXFileReference; lastKnownFileType = sourcecode.c.objc; path = NMDesignUITests.m; sourceTree = "<group>"; };
		3DC1DC681F132B8D00142CD5 /* Info.plist */ = {isa = PBXFileReference; lastKnownFileType = text.plist.xml; path = Info.plist; sourceTree = "<group>"; };
		3DC1DC751F132BCB00142CD5 /* Character.h */ = {isa = PBXFileReference; fileEncoding = 4; lastKnownFileType = sourcecode.c.h; path = Character.h; sourceTree = "<group>"; };
		3DC1DC761F132BCB00142CD5 /* Character.m */ = {isa = PBXFileReference; fileEncoding = 4; lastKnownFileType = sourcecode.c.objc; path = Character.m; sourceTree = "<group>"; };
		3DC1DC771F132BCB00142CD5 /* CharacterBuilder.h */ = {isa = PBXFileReference; fileEncoding = 4; lastKnownFileType = sourcecode.c.h; path = CharacterBuilder.h; sourceTree = "<group>"; };
		3DC1DC781F132BCB00142CD5 /* CharacterBuilder.m */ = {isa = PBXFileReference; fileEncoding = 4; lastKnownFileType = sourcecode.c.objc; path = CharacterBuilder.m; sourceTree = "<group>"; };
		3DC1DC791F132BCB00142CD5 /* ChasingGame.h */ = {isa = PBXFileReference; fileEncoding = 4; lastKnownFileType = sourcecode.c.h; path = ChasingGame.h; sourceTree = "<group>"; };
		3DC1DC7A1F132BCB00142CD5 /* ChasingGame.m */ = {isa = PBXFileReference; fileEncoding = 4; lastKnownFileType = sourcecode.c.objc; path = ChasingGame.m; sourceTree = "<group>"; };
		3DC1DC7B1F132BCB00142CD5 /* StandardCharacterBuilder.h */ = {isa = PBXFileReference; fileEncoding = 4; lastKnownFileType = sourcecode.c.h; path = StandardCharacterBuilder.h; sourceTree = "<group>"; };
		3DC1DC7C1F132BCB00142CD5 /* StandardCharacterBuilder.m */ = {isa = PBXFileReference; fileEncoding = 4; lastKnownFileType = sourcecode.c.objc; path = StandardCharacterBuilder.m; sourceTree = "<group>"; };
		3DC1DC821F132C6000142CD5 /* Client.h */ = {isa = PBXFileReference; fileEncoding = 4; lastKnownFileType = sourcecode.c.h; path = Client.h; sourceTree = "<group>"; };
		3DC1DC831F132C6000142CD5 /* Client.m */ = {isa = PBXFileReference; fileEncoding = 4; lastKnownFileType = sourcecode.c.objc; path = Client.m; sourceTree = "<group>"; };
		3DC1DC841F132C6000142CD5 /* NMCar.h */ = {isa = PBXFileReference; fileEncoding = 4; lastKnownFileType = sourcecode.c.h; path = NMCar.h; sourceTree = "<group>"; };
		3DC1DC851F132C6000142CD5 /* NMCar.m */ = {isa = PBXFileReference; fileEncoding = 4; lastKnownFileType = sourcecode.c.objc; path = NMCar.m; sourceTree = "<group>"; };
		3DC1DC861F132C6000142CD5 /* ShearPlateProtocol.h */ = {isa = PBXFileReference; fileEncoding = 4; lastKnownFileType = sourcecode.c.h; path = ShearPlateProtocol.h; sourceTree = "<group>"; };
		3DC1DC8A1F132D5100142CD5 /* pro-objective-c-design-patterns-for-ios.9781430233305.55094.pdf */ = {isa = PBXFileReference; lastKnownFileType = image.pdf; path = "pro-objective-c-design-patterns-for-ios.9781430233305.55094.pdf"; sourceTree = "<group>"; };
		3DC1DC911F14717200142CD5 /* CanvasView.h */ = {isa = PBXFileReference; fileEncoding = 4; lastKnownFileType = sourcecode.c.h; path = CanvasView.h; sourceTree = "<group>"; };
		3DC1DC921F14717200142CD5 /* CanvasView.m */ = {isa = PBXFileReference; fileEncoding = 4; lastKnownFileType = sourcecode.c.objc; path = CanvasView.m; sourceTree = "<group>"; };
		3DC1DC941F14729300142CD5 /* PaperCanvasView.h */ = {isa = PBXFileReference; fileEncoding = 4; lastKnownFileType = sourcecode.c.h; path = PaperCanvasView.h; sourceTree = "<group>"; };
		3DC1DC951F14729300142CD5 /* PaperCanvasView.m */ = {isa = PBXFileReference; fileEncoding = 4; lastKnownFileType = sourcecode.c.objc; path = PaperCanvasView.m; sourceTree = "<group>"; };
		3DC1DC971F14741E00142CD5 /* ClothCanvasView.h */ = {isa = PBXFileReference; fileEncoding = 4; lastKnownFileType = sourcecode.c.h; path = ClothCanvasView.h; sourceTree = "<group>"; };
		3DC1DC981F14741E00142CD5 /* ClothCanvasView.m */ = {isa = PBXFileReference; fileEncoding = 4; lastKnownFileType = sourcecode.c.objc; path = ClothCanvasView.m; sourceTree = "<group>"; };
		3DC1DCA71F14773500142CD5 /* CanvasViewGenerator.h */ = {isa = PBXFileReference; fileEncoding = 4; lastKnownFileType = sourcecode.c.h; path = CanvasViewGenerator.h; sourceTree = "<group>"; };
		3DC1DCA81F14773500142CD5 /* CanvasViewGenerator.m */ = {isa = PBXFileReference; fileEncoding = 4; lastKnownFileType = sourcecode.c.objc; path = CanvasViewGenerator.m; sourceTree = "<group>"; };
		3DC1DCAA1F1479BF00142CD5 /* PaperCanvasViewGenerator.h */ = {isa = PBXFileReference; fileEncoding = 4; lastKnownFileType = sourcecode.c.h; path = PaperCanvasViewGenerator.h; sourceTree = "<group>"; };
		3DC1DCAB1F1479BF00142CD5 /* PaperCanvasViewGenerator.m */ = {isa = PBXFileReference; fileEncoding = 4; lastKnownFileType = sourcecode.c.objc; path = PaperCanvasViewGenerator.m; sourceTree = "<group>"; };
		3DC1DCAD1F147AAD00142CD5 /* ClothcanvasViewGenerator.h */ = {isa = PBXFileReference; fileEncoding = 4; lastKnownFileType = sourcecode.c.h; path = ClothcanvasViewGenerator.h; sourceTree = "<group>"; };
		3DC1DCAE1F147AAD00142CD5 /* ClothcanvasViewGenerator.m */ = {isa = PBXFileReference; fileEncoding = 4; lastKnownFileType = sourcecode.c.objc; path = ClothcanvasViewGenerator.m; sourceTree = "<group>"; };
		3DC1DCB01F14BC9400142CD5 /* factory1.jpg */ = {isa = PBXFileReference; lastKnownFileType = image.jpeg; path = factory1.jpg; sourceTree = "<group>"; };
		3DC1DCB11F14BC9400142CD5 /* factory2.jpg */ = {isa = PBXFileReference; lastKnownFileType = image.jpeg; path = factory2.jpg; sourceTree = "<group>"; };
		3DF999F11F2089540073D6F6 /* IndexTableViewController.h */ = {isa = PBXFileReference; fileEncoding = 4; lastKnownFileType = sourcecode.c.h; path = IndexTableViewController.h; sourceTree = "<group>"; };
		3DF999F21F2089540073D6F6 /* IndexTableViewController.m */ = {isa = PBXFileReference; fileEncoding = 4; lastKnownFileType = sourcecode.c.objc; path = IndexTableViewController.m; sourceTree = "<group>"; };
		3DF999F41F208AB70073D6F6 /* BuilderViewController.h */ = {isa = PBXFileReference; fileEncoding = 4; lastKnownFileType = sourcecode.c.h; path = BuilderViewController.h; sourceTree = "<group>"; };
		3DF999F51F208AB70073D6F6 /* BuilderViewController.m */ = {isa = PBXFileReference; fileEncoding = 4; lastKnownFileType = sourcecode.c.objc; path = BuilderViewController.m; sourceTree = "<group>"; };
		3DF999F71F208CB50073D6F6 /* PrototypeViewController.h */ = {isa = PBXFileReference; fileEncoding = 4; lastKnownFileType = sourcecode.c.h; path = PrototypeViewController.h; sourceTree = "<group>"; };
		3DF999F81F208CB50073D6F6 /* PrototypeViewController.m */ = {isa = PBXFileReference; fileEncoding = 4; lastKnownFileType = sourcecode.c.objc; path = PrototypeViewController.m; sourceTree = "<group>"; };
		3DF999FA1F208EBE0073D6F6 /* FactoryMethodViewController.h */ = {isa = PBXFileReference; fileEncoding = 4; lastKnownFileType = sourcecode.c.h; path = FactoryMethodViewController.h; sourceTree = "<group>"; };
		3DF999FB1F208EBE0073D6F6 /* FactoryMethodViewController.m */ = {isa = PBXFileReference; fileEncoding = 4; lastKnownFileType = sourcecode.c.objc; path = FactoryMethodViewController.m; sourceTree = "<group>"; };
		3DF999FD1F2090A00073D6F6 /* AbstractFactoryViewController.h */ = {isa = PBXFileReference; fileEncoding = 4; lastKnownFileType = sourcecode.c.h; path = AbstractFactoryViewController.h; sourceTree = "<group>"; };
		3DF999FE1F2090A00073D6F6 /* AbstractFactoryViewController.m */ = {isa = PBXFileReference; fileEncoding = 4; lastKnownFileType = sourcecode.c.objc; path = AbstractFactoryViewController.m; sourceTree = "<group>"; };
/* End PBXFileReference section */

/* Begin PBXFrameworksBuildPhase section */
		3DC1DC3B1F132B8C00142CD5 /* Frameworks */ = {
			isa = PBXFrameworksBuildPhase;
			buildActionMask = 2147483647;
			files = (
			);
			runOnlyForDeploymentPostprocessing = 0;
		};
		3DC1DC541F132B8C00142CD5 /* Frameworks */ = {
			isa = PBXFrameworksBuildPhase;
			buildActionMask = 2147483647;
			files = (
			);
			runOnlyForDeploymentPostprocessing = 0;
		};
		3DC1DC5F1F132B8D00142CD5 /* Frameworks */ = {
			isa = PBXFrameworksBuildPhase;
			buildActionMask = 2147483647;
			files = (
			);
			runOnlyForDeploymentPostprocessing = 0;
		};
/* End PBXFrameworksBuildPhase section */

/* Begin PBXGroup section */
		3DC1DC351F132B8C00142CD5 = {
			isa = PBXGroup;
			children = (
				3DC1DC401F132B8C00142CD5 /* NMDesign */,
				3DC1DC5A1F132B8C00142CD5 /* NMDesignTests */,
				3DC1DC651F132B8D00142CD5 /* NMDesignUITests */,
				3DC1DC3F1F132B8C00142CD5 /* Products */,
			);
			sourceTree = "<group>";
		};
		3DC1DC3F1F132B8C00142CD5 /* Products */ = {
			isa = PBXGroup;
			children = (
				3DC1DC3E1F132B8C00142CD5 /* NMDesign.app */,
				3DC1DC571F132B8C00142CD5 /* NMDesignTests.xctest */,
				3DC1DC621F132B8D00142CD5 /* NMDesignUITests.xctest */,
			);
			name = Products;
			sourceTree = "<group>";
		};
		3DC1DC401F132B8C00142CD5 /* NMDesign */ = {
			isa = PBXGroup;
			children = (
				3DC1DCB41F14C6DB00142CD5 /* AbstractFactory */,
				3DC1DC8C1F13700400142CD5 /* FactoryMethod */,
				3DC1DC891F132D5100142CD5 /* Literature */,
				3DC1DC811F132C5300142CD5 /* Prototype */,
				3DC1DC741F132BCB00142CD5 /* Builder */,
				3DC1DC441F132B8C00142CD5 /* AppDelegate.h */,
				3DC1DC451F132B8C00142CD5 /* AppDelegate.m */,
				3DF999F11F2089540073D6F6 /* IndexTableViewController.h */,
				3DF999F21F2089540073D6F6 /* IndexTableViewController.m */,
				3DC1DC4A1F132B8C00142CD5 /* Main.storyboard */,
				3DC1DC4D1F132B8C00142CD5 /* Assets.xcassets */,
				3DC1DC4F1F132B8C00142CD5 /* LaunchScreen.storyboard */,
				3DC1DC521F132B8C00142CD5 /* Info.plist */,
				3DC1DC411F132B8C00142CD5 /* Supporting Files */,
			);
			path = NMDesign;
			sourceTree = "<group>";
		};
		3DC1DC411F132B8C00142CD5 /* Supporting Files */ = {
			isa = PBXGroup;
			children = (
				3DC1DC421F132B8C00142CD5 /* main.m */,
			);
			name = "Supporting Files";
			sourceTree = "<group>";
		};
		3DC1DC5A1F132B8C00142CD5 /* NMDesignTests */ = {
			isa = PBXGroup;
			children = (
				3DC1DC5B1F132B8C00142CD5 /* NMDesignTests.m */,
				3DC1DC5D1F132B8D00142CD5 /* Info.plist */,
			);
			path = NMDesignTests;
			sourceTree = "<group>";
		};
		3DC1DC651F132B8D00142CD5 /* NMDesignUITests */ = {
			isa = PBXGroup;
			children = (
				3DC1DC661F132B8D00142CD5 /* NMDesignUITests.m */,
				3DC1DC681F132B8D00142CD5 /* Info.plist */,
			);
			path = NMDesignUITests;
			sourceTree = "<group>";
		};
		3DC1DC741F132BCB00142CD5 /* Builder */ = {
			isa = PBXGroup;
			children = (
				3DC1DC751F132BCB00142CD5 /* Character.h */,
				3DC1DC761F132BCB00142CD5 /* Character.m */,
				3DC1DC771F132BCB00142CD5 /* CharacterBuilder.h */,
				3DC1DC781F132BCB00142CD5 /* CharacterBuilder.m */,
				3DC1DC791F132BCB00142CD5 /* ChasingGame.h */,
				3DC1DC7A1F132BCB00142CD5 /* ChasingGame.m */,
				3DC1DC7B1F132BCB00142CD5 /* StandardCharacterBuilder.h */,
				3DC1DC7C1F132BCB00142CD5 /* StandardCharacterBuilder.m */,
				3DF999F41F208AB70073D6F6 /* BuilderViewController.h */,
				3DF999F51F208AB70073D6F6 /* BuilderViewController.m */,
			);
			path = Builder;
			sourceTree = "<group>";
		};
		3DC1DC811F132C5300142CD5 /* Prototype */ = {
			isa = PBXGroup;
			children = (
				3DC1DC821F132C6000142CD5 /* Client.h */,
				3DC1DC831F132C6000142CD5 /* Client.m */,
				3DC1DC841F132C6000142CD5 /* NMCar.h */,
				3DC1DC851F132C6000142CD5 /* NMCar.m */,
				3DC1DC861F132C6000142CD5 /* ShearPlateProtocol.h */,
				3DF999F71F208CB50073D6F6 /* PrototypeViewController.h */,
				3DF999F81F208CB50073D6F6 /* PrototypeViewController.m */,
			);
			path = Prototype;
			sourceTree = "<group>";
		};
		3DC1DC891F132D5100142CD5 /* Literature */ = {
			isa = PBXGroup;
			children = (
				3DC1DC8A1F132D5100142CD5 /* pro-objective-c-design-patterns-for-ios.9781430233305.55094.pdf */,
			);
			path = Literature;
			sourceTree = "<group>";
		};
		3DC1DC8C1F13700400142CD5 /* FactoryMethod */ = {
			isa = PBXGroup;
			children = (
				3DC1DC911F14717200142CD5 /* CanvasView.h */,
				3DC1DC921F14717200142CD5 /* CanvasView.m */,
				3DC1DC941F14729300142CD5 /* PaperCanvasView.h */,
				3DC1DC951F14729300142CD5 /* PaperCanvasView.m */,
				3DC1DC971F14741E00142CD5 /* ClothCanvasView.h */,
				3DC1DC981F14741E00142CD5 /* ClothCanvasView.m */,
				3DC1DCA71F14773500142CD5 /* CanvasViewGenerator.h */,
				3DC1DCA81F14773500142CD5 /* CanvasViewGenerator.m */,
				3DC1DCAA1F1479BF00142CD5 /* PaperCanvasViewGenerator.h */,
				3DC1DCAB1F1479BF00142CD5 /* PaperCanvasViewGenerator.m */,
				3DC1DCAD1F147AAD00142CD5 /* ClothcanvasViewGenerator.h */,
				3DC1DCAE1F147AAD00142CD5 /* ClothcanvasViewGenerator.m */,
				3DF999FA1F208EBE0073D6F6 /* FactoryMethodViewController.h */,
				3DF999FB1F208EBE0073D6F6 /* FactoryMethodViewController.m */,
				3DC1DC9A1F1474C400142CD5 /* Resource */,
			);
			path = FactoryMethod;
			sourceTree = "<group>";
		};
		3DC1DC9A1F1474C400142CD5 /* Resource */ = {
			isa = PBXGroup;
			children = (
				3DC1DCB01F14BC9400142CD5 /* factory1.jpg */,
				3DC1DCB11F14BC9400142CD5 /* factory2.jpg */,
			);
			path = Resource;
			sourceTree = "<group>";
		};
		3DC1DCB41F14C6DB00142CD5 /* AbstractFactory */ = {
			isa = PBXGroup;
			children = (
				3DF999FD1F2090A00073D6F6 /* AbstractFactoryViewController.h */,
				3DF999FE1F2090A00073D6F6 /* AbstractFactoryViewController.m */,
				3DB6523F1F234421000E4345 /* PizzaFactory.h */,
				3DB652401F234421000E4345 /* PizzaFactory.m */,
				3DB652421F23459A000E4345 /* HawaiiPizzaFactory.h */,
				3DB652431F23459A000E4345 /* HawaiiPizzaFactory.m */,
				3DB652451F2345B9000E4345 /* AmericanPizzaFactory.h */,
				3DB652461F2345B9000E4345 /* AmericanPizzaFactory.m */,
				3DB654131F26F5E4000E4345 /* Sauce.h */,
				3DB654141F26F5E4000E4345 /* Sauce.m */,
				3DB6541C1F26F624000E4345 /* HawaiiSauce.h */,
				3DB6541D1F26F625000E4345 /* HawaiiSauce.m */,
				3DB6542B1F26F692000E4345 /* AmericanSauce.h */,
				3DB6542C1F26F692000E4345 /* AmericanSauce.m */,
				3DB654161F26F5F2000E4345 /* Flour.h */,
				3DB654171F26F5F2000E4345 /* Flour.m */,
				3DB6541F1F26F63B000E4345 /* HawaiiFlour.h */,
				3DB654201F26F63B000E4345 /* HawaiiFlour.m */,
				3DB654281F26F682000E4345 /* AmericanFlour.h */,
				3DB654291F26F682000E4345 /* AmericanFlour.m */,
				3DB654191F26F5FC000E4345 /* Accessory.h */,
				3DB6541A1F26F5FC000E4345 /* Accessory.m */,
				3DB654221F26F649000E4345 /* HawaiiAccessory.h */,
				3DB654231F26F649000E4345 /* HawaiiAccessory.m */,
				3DB654251F26F660000E4345 /* AmericanAccessory.h */,
				3DB654261F26F660000E4345 /* AmericanAccessory.m */,
			);
			path = AbstractFactory;
			sourceTree = "<group>";
		};
/* End PBXGroup section */

/* Begin PBXNativeTarget section */
		3DC1DC3D1F132B8C00142CD5 /* NMDesign */ = {
			isa = PBXNativeTarget;
			buildConfigurationList = 3DC1DC6B1F132B8D00142CD5 /* Build configuration list for PBXNativeTarget "NMDesign" */;
			buildPhases = (
				3DC1DC3A1F132B8C00142CD5 /* Sources */,
				3DC1DC3B1F132B8C00142CD5 /* Frameworks */,
				3DC1DC3C1F132B8C00142CD5 /* Resources */,
			);
			buildRules = (
			);
			dependencies = (
			);
			name = NMDesign;
			productName = NMDesign;
			productReference = 3DC1DC3E1F132B8C00142CD5 /* NMDesign.app */;
			productType = "com.apple.product-type.application";
		};
		3DC1DC561F132B8C00142CD5 /* NMDesignTests */ = {
			isa = PBXNativeTarget;
			buildConfigurationList = 3DC1DC6E1F132B8D00142CD5 /* Build configuration list for PBXNativeTarget "NMDesignTests" */;
			buildPhases = (
				3DC1DC531F132B8C00142CD5 /* Sources */,
				3DC1DC541F132B8C00142CD5 /* Frameworks */,
				3DC1DC551F132B8C00142CD5 /* Resources */,
			);
			buildRules = (
			);
			dependencies = (
				3DC1DC591F132B8C00142CD5 /* PBXTargetDependency */,
			);
			name = NMDesignTests;
			productName = NMDesignTests;
			productReference = 3DC1DC571F132B8C00142CD5 /* NMDesignTests.xctest */;
			productType = "com.apple.product-type.bundle.unit-test";
		};
		3DC1DC611F132B8D00142CD5 /* NMDesignUITests */ = {
			isa = PBXNativeTarget;
			buildConfigurationList = 3DC1DC711F132B8D00142CD5 /* Build configuration list for PBXNativeTarget "NMDesignUITests" */;
			buildPhases = (
				3DC1DC5E1F132B8D00142CD5 /* Sources */,
				3DC1DC5F1F132B8D00142CD5 /* Frameworks */,
				3DC1DC601F132B8D00142CD5 /* Resources */,
			);
			buildRules = (
			);
			dependencies = (
				3DC1DC641F132B8D00142CD5 /* PBXTargetDependency */,
			);
			name = NMDesignUITests;
			productName = NMDesignUITests;
			productReference = 3DC1DC621F132B8D00142CD5 /* NMDesignUITests.xctest */;
			productType = "com.apple.product-type.bundle.ui-testing";
		};
/* End PBXNativeTarget section */

/* Begin PBXProject section */
		3DC1DC361F132B8C00142CD5 /* Project object */ = {
			isa = PBXProject;
			attributes = {
				LastUpgradeCheck = 0830;
				ORGANIZATIONNAME = namunaka;
				TargetAttributes = {
					3DC1DC3D1F132B8C00142CD5 = {
						CreatedOnToolsVersion = 8.3.3;
						DevelopmentTeam = 7524R5UJ2G;
						ProvisioningStyle = Automatic;
					};
					3DC1DC561F132B8C00142CD5 = {
						CreatedOnToolsVersion = 8.3.3;
						DevelopmentTeam = 7524R5UJ2G;
						ProvisioningStyle = Automatic;
						TestTargetID = 3DC1DC3D1F132B8C00142CD5;
					};
					3DC1DC611F132B8D00142CD5 = {
						CreatedOnToolsVersion = 8.3.3;
						DevelopmentTeam = 7524R5UJ2G;
						ProvisioningStyle = Automatic;
						TestTargetID = 3DC1DC3D1F132B8C00142CD5;
					};
				};
			};
			buildConfigurationList = 3DC1DC391F132B8C00142CD5 /* Build configuration list for PBXProject "NMDesign" */;
			compatibilityVersion = "Xcode 3.2";
			developmentRegion = English;
			hasScannedForEncodings = 0;
			knownRegions = (
				en,
				Base,
			);
			mainGroup = 3DC1DC351F132B8C00142CD5;
			productRefGroup = 3DC1DC3F1F132B8C00142CD5 /* Products */;
			projectDirPath = "";
			projectRoot = "";
			targets = (
				3DC1DC3D1F132B8C00142CD5 /* NMDesign */,
				3DC1DC561F132B8C00142CD5 /* NMDesignTests */,
				3DC1DC611F132B8D00142CD5 /* NMDesignUITests */,
			);
		};
/* End PBXProject section */

/* Begin PBXResourcesBuildPhase section */
		3DC1DC3C1F132B8C00142CD5 /* Resources */ = {
			isa = PBXResourcesBuildPhase;
			buildActionMask = 2147483647;
			files = (
				3DC1DC8B1F132D5100142CD5 /* pro-objective-c-design-patterns-for-ios.9781430233305.55094.pdf in Resources */,
				3DC1DC511F132B8C00142CD5 /* LaunchScreen.storyboard in Resources */,
				3DC1DC4E1F132B8C00142CD5 /* Assets.xcassets in Resources */,
				3DC1DCB31F14BC9400142CD5 /* factory2.jpg in Resources */,
				3DC1DC4C1F132B8C00142CD5 /* Main.storyboard in Resources */,
				3DC1DCB21F14BC9400142CD5 /* factory1.jpg in Resources */,
			);
			runOnlyForDeploymentPostprocessing = 0;
		};
		3DC1DC551F132B8C00142CD5 /* Resources */ = {
			isa = PBXResourcesBuildPhase;
			buildActionMask = 2147483647;
			files = (
			);
			runOnlyForDeploymentPostprocessing = 0;
		};
		3DC1DC601F132B8D00142CD5 /* Resources */ = {
			isa = PBXResourcesBuildPhase;
			buildActionMask = 2147483647;
			files = (
			);
			runOnlyForDeploymentPostprocessing = 0;
		};
/* End PBXResourcesBuildPhase section */

/* Begin PBXSourcesBuildPhase section */
		3DC1DC3A1F132B8C00142CD5 /* Sources */ = {
			isa = PBXSourcesBuildPhase;
			buildActionMask = 2147483647;
			files = (
				3DF999FF1F2090A00073D6F6 /* AbstractFactoryViewController.m in Sources */,
				3DB6542D1F26F692000E4345 /* AmericanSauce.m in Sources */,
				3DB652411F234421000E4345 /* PizzaFactory.m in Sources */,
				3DB654271F26F660000E4345 /* AmericanAccessory.m in Sources */,
				3DB6541E1F26F625000E4345 /* HawaiiSauce.m in Sources */,
				3DB654241F26F649000E4345 /* HawaiiAccessory.m in Sources */,
				3DC1DCAF1F147AAD00142CD5 /* ClothcanvasViewGenerator.m in Sources */,
				3DC1DC7E1F132BCB00142CD5 /* CharacterBuilder.m in Sources */,
				3DC1DCA91F14773500142CD5 /* CanvasViewGenerator.m in Sources */,
				3DF999F91F208CB50073D6F6 /* PrototypeViewController.m in Sources */,
				3DB652471F2345B9000E4345 /* AmericanPizzaFactory.m in Sources */,
				3DF999F31F2089540073D6F6 /* IndexTableViewController.m in Sources */,
				3DC1DC871F132C6000142CD5 /* Client.m in Sources */,
				3DC1DC881F132C6000142CD5 /* NMCar.m in Sources */,
				3DF999F61F208AB70073D6F6 /* BuilderViewController.m in Sources */,
				3DC1DC931F14717200142CD5 /* CanvasView.m in Sources */,
				3DC1DC991F14741E00142CD5 /* ClothCanvasView.m in Sources */,
				3DC1DC461F132B8C00142CD5 /* AppDelegate.m in Sources */,
				3DF999FC1F208EBE0073D6F6 /* FactoryMethodViewController.m in Sources */,
				3DB654211F26F63B000E4345 /* HawaiiFlour.m in Sources */,
				3DB654151F26F5E4000E4345 /* Sauce.m in Sources */,
				3DB6542A1F26F682000E4345 /* AmericanFlour.m in Sources */,
				3DC1DC7F1F132BCB00142CD5 /* ChasingGame.m in Sources */,
				3DC1DC431F132B8C00142CD5 /* main.m in Sources */,
				3DB654181F26F5F2000E4345 /* Flour.m in Sources */,
				3DC1DC961F14729300142CD5 /* PaperCanvasView.m in Sources */,
				3DC1DCAC1F1479BF00142CD5 /* PaperCanvasViewGenerator.m in Sources */,
				3DC1DC7D1F132BCB00142CD5 /* Character.m in Sources */,
				3DB652441F23459A000E4345 /* HawaiiPizzaFactory.m in Sources */,
				3DB6541B1F26F5FC000E4345 /* Accessory.m in Sources */,
				3DC1DC801F132BCB00142CD5 /* StandardCharacterBuilder.m in Sources */,
			);
			runOnlyForDeploymentPostprocessing = 0;
		};
		3DC1DC531F132B8C00142CD5 /* Sources */ = {
			isa = PBXSourcesBuildPhase;
			buildActionMask = 2147483647;
			files = (
				3DC1DC5C1F132B8C00142CD5 /* NMDesignTests.m in Sources */,
			);
			runOnlyForDeploymentPostprocessing = 0;
		};
		3DC1DC5E1F132B8D00142CD5 /* Sources */ = {
			isa = PBXSourcesBuildPhase;
			buildActionMask = 2147483647;
			files = (
				3DC1DC671F132B8D00142CD5 /* NMDesignUITests.m in Sources */,
			);
			runOnlyForDeploymentPostprocessing = 0;
		};
/* End PBXSourcesBuildPhase section */

/* Begin PBXTargetDependency section */
		3DC1DC591F132B8C00142CD5 /* PBXTargetDependency */ = {
			isa = PBXTargetDependency;
			target = 3DC1DC3D1F132B8C00142CD5 /* NMDesign */;
			targetProxy = 3DC1DC581F132B8C00142CD5 /* PBXContainerItemProxy */;
		};
		3DC1DC641F132B8D00142CD5 /* PBXTargetDependency */ = {
			isa = PBXTargetDependency;
			target = 3DC1DC3D1F132B8C00142CD5 /* NMDesign */;
			targetProxy = 3DC1DC631F132B8D00142CD5 /* PBXContainerItemProxy */;
		};
/* End PBXTargetDependency section */

/* Begin PBXVariantGroup section */
		3DC1DC4A1F132B8C00142CD5 /* Main.storyboard */ = {
			isa = PBXVariantGroup;
			children = (
				3DC1DC4B1F132B8C00142CD5 /* Base */,
			);
			name = Main.storyboard;
			sourceTree = "<group>";
		};
		3DC1DC4F1F132B8C00142CD5 /* LaunchScreen.storyboard */ = {
			isa = PBXVariantGroup;
			children = (
				3DC1DC501F132B8C00142CD5 /* Base */,
			);
			name = LaunchScreen.storyboard;
			sourceTree = "<group>";
		};
/* End PBXVariantGroup section */

/* Begin XCBuildConfiguration section */
		3DC1DC691F132B8D00142CD5 /* Debug */ = {
			isa = XCBuildConfiguration;
			buildSettings = {
				ALWAYS_SEARCH_USER_PATHS = NO;
				CLANG_ANALYZER_NONNULL = YES;
				CLANG_ANALYZER_NUMBER_OBJECT_CONVERSION = YES_AGGRESSIVE;
				CLANG_CXX_LANGUAGE_STANDARD = "gnu++0x";
				CLANG_CXX_LIBRARY = "libc++";
				CLANG_ENABLE_MODULES = YES;
				CLANG_ENABLE_OBJC_ARC = YES;
				CLANG_WARN_BOOL_CONVERSION = YES;
				CLANG_WARN_CONSTANT_CONVERSION = YES;
				CLANG_WARN_DIRECT_OBJC_ISA_USAGE = YES_ERROR;
				CLANG_WARN_DOCUMENTATION_COMMENTS = YES;
				CLANG_WARN_EMPTY_BODY = YES;
				CLANG_WARN_ENUM_CONVERSION = YES;
				CLANG_WARN_INFINITE_RECURSION = YES;
				CLANG_WARN_INT_CONVERSION = YES;
				CLANG_WARN_OBJC_ROOT_CLASS = YES_ERROR;
				CLANG_WARN_SUSPICIOUS_MOVE = YES;
				CLANG_WARN_UNREACHABLE_CODE = YES;
				CLANG_WARN__DUPLICATE_METHOD_MATCH = YES;
				"CODE_SIGN_IDENTITY[sdk=iphoneos*]" = "iPhone Developer";
				COPY_PHASE_STRIP = NO;
				DEBUG_INFORMATION_FORMAT = dwarf;
				ENABLE_STRICT_OBJC_MSGSEND = YES;
				ENABLE_TESTABILITY = YES;
				GCC_C_LANGUAGE_STANDARD = gnu99;
				GCC_DYNAMIC_NO_PIC = NO;
				GCC_NO_COMMON_BLOCKS = YES;
				GCC_OPTIMIZATION_LEVEL = 0;
				GCC_PREPROCESSOR_DEFINITIONS = (
					"DEBUG=1",
					"$(inherited)",
				);
				GCC_WARN_64_TO_32_BIT_CONVERSION = YES;
				GCC_WARN_ABOUT_RETURN_TYPE = YES_ERROR;
				GCC_WARN_UNDECLARED_SELECTOR = YES;
				GCC_WARN_UNINITIALIZED_AUTOS = YES_AGGRESSIVE;
				GCC_WARN_UNUSED_FUNCTION = YES;
				GCC_WARN_UNUSED_VARIABLE = YES;
				IPHONEOS_DEPLOYMENT_TARGET = 10.3;
				MTL_ENABLE_DEBUG_INFO = YES;
				ONLY_ACTIVE_ARCH = YES;
				SDKROOT = iphoneos;
			};
			name = Debug;
		};
		3DC1DC6A1F132B8D00142CD5 /* Release */ = {
			isa = XCBuildConfiguration;
			buildSettings = {
				ALWAYS_SEARCH_USER_PATHS = NO;
				CLANG_ANALYZER_NONNULL = YES;
				CLANG_ANALYZER_NUMBER_OBJECT_CONVERSION = YES_AGGRESSIVE;
				CLANG_CXX_LANGUAGE_STANDARD = "gnu++0x";
				CLANG_CXX_LIBRARY = "libc++";
				CLANG_ENABLE_MODULES = YES;
				CLANG_ENABLE_OBJC_ARC = YES;
				CLANG_WARN_BOOL_CONVERSION = YES;
				CLANG_WARN_CONSTANT_CONVERSION = YES;
				CLANG_WARN_DIRECT_OBJC_ISA_USAGE = YES_ERROR;
				CLANG_WARN_DOCUMENTATION_COMMENTS = YES;
				CLANG_WARN_EMPTY_BODY = YES;
				CLANG_WARN_ENUM_CONVERSION = YES;
				CLANG_WARN_INFINITE_RECURSION = YES;
				CLANG_WARN_INT_CONVERSION = YES;
				CLANG_WARN_OBJC_ROOT_CLASS = YES_ERROR;
				CLANG_WARN_SUSPICIOUS_MOVE = YES;
				CLANG_WARN_UNREACHABLE_CODE = YES;
				CLANG_WARN__DUPLICATE_METHOD_MATCH = YES;
				"CODE_SIGN_IDENTITY[sdk=iphoneos*]" = "iPhone Developer";
				COPY_PHASE_STRIP = NO;
				DEBUG_INFORMATION_FORMAT = "dwarf-with-dsym";
				ENABLE_NS_ASSERTIONS = NO;
				ENABLE_STRICT_OBJC_MSGSEND = YES;
				GCC_C_LANGUAGE_STANDARD = gnu99;
				GCC_NO_COMMON_BLOCKS = YES;
				GCC_WARN_64_TO_32_BIT_CONVERSION = YES;
				GCC_WARN_ABOUT_RETURN_TYPE = YES_ERROR;
				GCC_WARN_UNDECLARED_SELECTOR = YES;
				GCC_WARN_UNINITIALIZED_AUTOS = YES_AGGRESSIVE;
				GCC_WARN_UNUSED_FUNCTION = YES;
				GCC_WARN_UNUSED_VARIABLE = YES;
				IPHONEOS_DEPLOYMENT_TARGET = 10.3;
				MTL_ENABLE_DEBUG_INFO = NO;
				SDKROOT = iphoneos;
				VALIDATE_PRODUCT = YES;
			};
			name = Release;
		};
		3DC1DC6C1F132B8D00142CD5 /* Debug */ = {
			isa = XCBuildConfiguration;
			buildSettings = {
				ASSETCATALOG_COMPILER_APPICON_NAME = AppIcon;
				DEVELOPMENT_TEAM = 7524R5UJ2G;
				INFOPLIST_FILE = NMDesign/Info.plist;
				IPHONEOS_DEPLOYMENT_TARGET = 8.0;
				LD_RUNPATH_SEARCH_PATHS = "$(inherited) @executable_path/Frameworks";
				PRODUCT_BUNDLE_IDENTIFIER = com.nm.NMDesign;
				PRODUCT_NAME = "$(TARGET_NAME)";
			};
			name = Debug;
		};
		3DC1DC6D1F132B8D00142CD5 /* Release */ = {
			isa = XCBuildConfiguration;
			buildSettings = {
				ASSETCATALOG_COMPILER_APPICON_NAME = AppIcon;
				DEVELOPMENT_TEAM = 7524R5UJ2G;
				INFOPLIST_FILE = NMDesign/Info.plist;
				IPHONEOS_DEPLOYMENT_TARGET = 8.0;
				LD_RUNPATH_SEARCH_PATHS = "$(inherited) @executable_path/Frameworks";
				PRODUCT_BUNDLE_IDENTIFIER = com.nm.NMDesign;
				PRODUCT_NAME = "$(TARGET_NAME)";
			};
			name = Release;
		};
		3DC1DC6F1F132B8D00142CD5 /* Debug */ = {
			isa = XCBuildConfiguration;
			buildSettings = {
				BUNDLE_LOADER = "$(TEST_HOST)";
				DEVELOPMENT_TEAM = 7524R5UJ2G;
				INFOPLIST_FILE = NMDesignTests/Info.plist;
				LD_RUNPATH_SEARCH_PATHS = "$(inherited) @executable_path/Frameworks @loader_path/Frameworks";
				PRODUCT_BUNDLE_IDENTIFIER = com.nm.NMDesignTests;
				PRODUCT_NAME = "$(TARGET_NAME)";
				TEST_HOST = "$(BUILT_PRODUCTS_DIR)/NMDesign.app/NMDesign";
			};
			name = Debug;
		};
		3DC1DC701F132B8D00142CD5 /* Release */ = {
			isa = XCBuildConfiguration;
			buildSettings = {
				BUNDLE_LOADER = "$(TEST_HOST)";
				DEVELOPMENT_TEAM = 7524R5UJ2G;
				INFOPLIST_FILE = NMDesignTests/Info.plist;
				LD_RUNPATH_SEARCH_PATHS = "$(inherited) @executable_path/Frameworks @loader_path/Frameworks";
				PRODUCT_BUNDLE_IDENTIFIER = com.nm.NMDesignTests;
				PRODUCT_NAME = "$(TARGET_NAME)";
				TEST_HOST = "$(BUILT_PRODUCTS_DIR)/NMDesign.app/NMDesign";
			};
			name = Release;
		};
		3DC1DC721F132B8D00142CD5 /* Debug */ = {
			isa = XCBuildConfiguration;
			buildSettings = {
				DEVELOPMENT_TEAM = 7524R5UJ2G;
				INFOPLIST_FILE = NMDesignUITests/Info.plist;
				LD_RUNPATH_SEARCH_PATHS = "$(inherited) @executable_path/Frameworks @loader_path/Frameworks";
				PRODUCT_BUNDLE_IDENTIFIER = com.nm.NMDesignUITests;
				PRODUCT_NAME = "$(TARGET_NAME)";
				TEST_TARGET_NAME = NMDesign;
			};
			name = Debug;
		};
		3DC1DC731F132B8D00142CD5 /* Release */ = {
			isa = XCBuildConfiguration;
			buildSettings = {
				DEVELOPMENT_TEAM = 7524R5UJ2G;
				INFOPLIST_FILE = NMDesignUITests/Info.plist;
				LD_RUNPATH_SEARCH_PATHS = "$(inherited) @executable_path/Frameworks @loader_path/Frameworks";
				PRODUCT_BUNDLE_IDENTIFIER = com.nm.NMDesignUITests;
				PRODUCT_NAME = "$(TARGET_NAME)";
				TEST_TARGET_NAME = NMDesign;
			};
			name = Release;
		};
/* End XCBuildConfiguration section */

/* Begin XCConfigurationList section */
		3DC1DC391F132B8C00142CD5 /* Build configuration list for PBXProject "NMDesign" */ = {
			isa = XCConfigurationList;
			buildConfigurations = (
				3DC1DC691F132B8D00142CD5 /* Debug */,
				3DC1DC6A1F132B8D00142CD5 /* Release */,
			);
			defaultConfigurationIsVisible = 0;
			defaultConfigurationName = Release;
		};
		3DC1DC6B1F132B8D00142CD5 /* Build configuration list for PBXNativeTarget "NMDesign" */ = {
			isa = XCConfigurationList;
			buildConfigurations = (
				3DC1DC6C1F132B8D00142CD5 /* Debug */,
				3DC1DC6D1F132B8D00142CD5 /* Release */,
			);
			defaultConfigurationIsVisible = 0;
			defaultConfigurationName = Release;
		};
		3DC1DC6E1F132B8D00142CD5 /* Build configuration list for PBXNativeTarget "NMDesignTests" */ = {
			isa = XCConfigurationList;
			buildConfigurations = (
				3DC1DC6F1F132B8D00142CD5 /* Debug */,
				3DC1DC701F132B8D00142CD5 /* Release */,
			);
			defaultConfigurationIsVisible = 0;
			defaultConfigurationName = Release;
		};
		3DC1DC711F132B8D00142CD5 /* Build configuration list for PBXNativeTarget "NMDesignUITests" */ = {
			isa = XCConfigurationList;
			buildConfigurations = (
				3DC1DC721F132B8D00142CD5 /* Debug */,
				3DC1DC731F132B8D00142CD5 /* Release */,
			);
			defaultConfigurationIsVisible = 0;
			defaultConfigurationName = Release;
		};
/* End XCConfigurationList section */
	};
	rootObject = 3DC1DC361F132B8C00142CD5 /* Project object */;
}
